
Microsoft Visual Studio Solution File, Format Version 12.00
# Visual Studio Version 16
VisualStudioVersion = 16.0.30223.230
MinimumVisualStudioVersion = 10.0.40219.1
Project("{FAE04EC0-301F-11D3-BF4B-00C04F79EFBC}") = "ddsb-sdk", "ddsb-sdk\ddsb-sdk.csproj", "{4BD7D2A0-09E0-433B-B6EF-3DAD80989041}"
EndProject
Project("{FAE04EC0-301F-11D3-BF4B-00C04F79EFBC}") = "ConsoleExample", "ConsoleExample\ConsoleExample.csproj", "{E0B9F847-DD2E-4FEE-B388-75C8D55962C2}"
	ProjectSection(ProjectDependencies) = postProject
		{4BD7D2A0-09E0-433B-B6EF-3DAD80989041} = {4BD7D2A0-09E0-433B-B6EF-3DAD80989041}
	EndProjectSection
EndProject
Global
	GlobalSection(SolutionConfigurationPlatforms) = preSolution
		Debug|Any CPU = Debug|Any CPU
		Release|Any CPU = Release|Any CPU
	EndGlobalSection
	GlobalSection(ProjectConfigurationPlatforms) = postSolution
		{4BD7D2A0-09E0-433B-B6EF-3DAD80989041}.Debug|Any CPU.ActiveCfg = Debug|Any CPU
		{4BD7D2A0-09E0-433B-B6EF-3DAD80989041}.Debug|Any CPU.Build.0 = Debug|Any CPU
		{4BD7D2A0-09E0-433B-B6EF-3DAD80989041}.Release|Any CPU.ActiveCfg = Release|Any CPU
		{4BD7D2A0-09E0-433B-B6EF-3DAD80989041}.Release|Any CPU.Build.0 = Release|Any CPU
		{E0B9F847-DD2E-4FEE-B388-75C8D55962C2}.Debug|Any CPU.ActiveCfg = Debug|Any CPU
		{E0B9F847-DD2E-4FEE-B388-75C8D55962C2}.Debug|Any CPU.Build.0 = Debug|Any CPU
		{E0B9F847-DD2E-4FEE-B388-75C8D55962C2}.Release|Any CPU.ActiveCfg = Release|Any CPU
		{E0B9F847-DD2E-4FEE-B388-75C8D55962C2}.Release|Any CPU.Build.0 = Release|Any CPU
	EndGlobalSection
	GlobalSection(SolutionProperties) = preSolution
		HideSolutionNode = FALSE
	EndGlobalSection
	GlobalSection(ExtensibilityGlobals) = postSolution
		SolutionGuid = {305BEEB3-5591-450B-BB32-BE563354543B}
	EndGlobalSection
EndGlobal
